
Microsoft Visual Studio Solution File, Format Version 12.00
# Visual Studio Version 16
VisualStudioVersion = 16.0.29509.3
MinimumVisualStudioVersion = 10.0.40219.1
Project("{FAE04EC0-301F-11D3-BF4B-00C04F79EFBC}") = "WorkingWithDB", "WorkingWithDB\WorkingWithDB.csproj", "{39A1B8D6-C81F-4F5A-88C7-243348F0DEBE}"
EndProject
Global
	GlobalSection(SolutionConfigurationPlatforms) = preSolution
		Debug|Any CPU = Debug|Any CPU
		Release|Any CPU = Release|Any CPU
	EndGlobalSection
	GlobalSection(ProjectConfigurationPlatforms) = postSolution
		{39A1B8D6-C81F-4F5A-88C7-243348F0DEBE}.Debug|Any CPU.ActiveCfg = Debug|Any CPU
		{39A1B8D6-C81F-4F5A-88C7-243348F0DEBE}.Debug|Any CPU.Build.0 = Debug|Any CPU
		{39A1B8D6-C81F-4F5A-88C7-243348F0DEBE}.Release|Any CPU.ActiveCfg = Release|Any CPU
		{39A1B8D6-C81F-4F5A-88C7-243348F0DEBE}.Release|Any CPU.Build.0 = Release|Any CPU
	EndGlobalSection
	GlobalSection(SolutionProperties) = preSolution
		HideSolutionNode = FALSE
	EndGlobalSection
	GlobalSection(ExtensibilityGlobals) = postSolution
		SolutionGuid = {7634099E-C002-4EE6-9202-891707D15F1E}
	EndGlobalSection
EndGlobal
